// !$*UTF8*$!
{
	archiveVersion = 1;
	classes = {
	};
	objectVersion = 50;
	objects = {

/* Begin PBXBuildFile section */
		6DD1F38B250FE2D300C8CB9A /* AppDelegate.swift in Sources */ = {isa = PBXBuildFile; fileRef = 6DD1F38A250FE2D300C8CB9A /* AppDelegate.swift */; };
		6DD1F38D250FE2D300C8CB9A /* SceneDelegate.swift in Sources */ = {isa = PBXBuildFile; fileRef = 6DD1F38C250FE2D300C8CB9A /* SceneDelegate.swift */; };
		6DD1F38F250FE2D300C8CB9A /* ContentView.swift in Sources */ = {isa = PBXBuildFile; fileRef = 6DD1F38E250FE2D300C8CB9A /* ContentView.swift */; };
		6DD1F391250FE2D300C8CB9A /* Assets.xcassets in Resources */ = {isa = PBXBuildFile; fileRef = 6DD1F390250FE2D300C8CB9A /* Assets.xcassets */; };
		6DD1F394250FE2D300C8CB9A /* Preview Assets.xcassets in Resources */ = {isa = PBXBuildFile; fileRef = 6DD1F393250FE2D300C8CB9A /* Preview Assets.xcassets */; };
		6DD1F397250FE2D300C8CB9A /* LaunchScreen.storyboard in Resources */ = {isa = PBXBuildFile; fileRef = 6DD1F395250FE2D300C8CB9A /* LaunchScreen.storyboard */; };
		6DD1F3A4250FE33A00C8CB9A /* StatusModel.swift in Sources */ = {isa = PBXBuildFile; fileRef = 6DD1F3A2250FE33A00C8CB9A /* StatusModel.swift */; };
		6DD1F3A5250FE33A00C8CB9A /* Status.json in Resources */ = {isa = PBXBuildFile; fileRef = 6DD1F3A3250FE33A00C8CB9A /* Status.json */; };
/* End PBXBuildFile section */

/* Begin PBXFileReference section */
		6DD1F387250FE2D300C8CB9A /* StatusTracker.app */ = {isa = PBXFileReference; explicitFileType = wrapper.application; includeInIndex = 0; path = StatusTracker.app; sourceTree = BUILT_PRODUCTS_DIR; };
		6DD1F38A250FE2D300C8CB9A /* AppDelegate.swift */ = {isa = PBXFileReference; lastKnownFileType = sourcecode.swift; path = AppDelegate.swift; sourceTree = "<group>"; };
		6DD1F38C250FE2D300C8CB9A /* SceneDelegate.swift */ = {isa = PBXFileReference; lastKnownFileType = sourcecode.swift; path = SceneDelegate.swift; sourceTree = "<group>"; };
		6DD1F38E250FE2D300C8CB9A /* ContentView.swift */ = {isa = PBXFileReference; lastKnownFileType = sourcecode.swift; path = ContentView.swift; sourceTree = "<group>"; };
		6DD1F390250FE2D300C8CB9A /* Assets.xcassets */ = {isa = PBXFileReference; lastKnownFileType = folder.assetcatalog; path = Assets.xcassets; sourceTree = "<group>"; };
		6DD1F393250FE2D300C8CB9A /* Preview Assets.xcassets */ = {isa = PBXFileReference; lastKnownFileType = folder.assetcatalog; path = "Preview Assets.xcassets"; sourceTree = "<group>"; };
		6DD1F396250FE2D300C8CB9A /* Base */ = {isa = PBXFileReference; lastKnownFileType = file.storyboard; name = Base; path = Base.lproj/LaunchScreen.storyboard; sourceTree = "<group>"; };
		6DD1F398250FE2D400C8CB9A /* Info.plist */ = {isa = PBXFileReference; lastKnownFileType = text.plist.xml; path = Info.plist; sourceTree = "<group>"; };
		6DD1F3A2250FE33A00C8CB9A /* StatusModel.swift */ = {isa = PBXFileReference; fileEncoding = 4; lastKnownFileType = sourcecode.swift; path = StatusModel.swift; sourceTree = "<group>"; };
		6DD1F3A3250FE33A00C8CB9A /* Status.json */ = {isa = PBXFileReference; fileEncoding = 4; lastKnownFileType = text.json; path = Status.json; sourceTree = "<group>"; };
/* End PBXFileReference section */

/* Begin PBXFrameworksBuildPhase section */
		6DD1F384250FE2D300C8CB9A /* Frameworks */ = {
			isa = PBXFrameworksBuildPhase;
			buildActionMask = 2147483647;
			files = (
			);
			runOnlyForDeploymentPostprocessing = 0;
		};
/* End PBXFrameworksBuildPhase section */

/* Begin PBXGroup section */
		6DD1F37E250FE2D300C8CB9A = {
			isa = PBXGroup;
			children = (
				6DD1F389250FE2D300C8CB9A /* StatusTracker */,
				6DD1F388250FE2D300C8CB9A /* Products */,
			);
			sourceTree = "<group>";
		};
		6DD1F388250FE2D300C8CB9A /* Products */ = {
			isa = PBXGroup;
			children = (
				6DD1F387250FE2D300C8CB9A /* StatusTracker.app */,
			);
			name = Products;
			sourceTree = "<group>";
		};
		6DD1F389250FE2D300C8CB9A /* StatusTracker */ = {
			isa = PBXGroup;
			children = (
				6DD1F3A1250FE33000C8CB9A /* Model */,
				6DD1F38A250FE2D300C8CB9A /* AppDelegate.swift */,
				6DD1F38C250FE2D300C8CB9A /* SceneDelegate.swift */,
				6DD1F38E250FE2D300C8CB9A /* ContentView.swift */,
				6DD1F390250FE2D300C8CB9A /* Assets.xcassets */,
				6DD1F395250FE2D300C8CB9A /* LaunchScreen.storyboard */,
				6DD1F398250FE2D400C8CB9A /* Info.plist */,
				6DD1F392250FE2D300C8CB9A /* Preview Content */,
			);
			path = StatusTracker;
			sourceTree = "<group>";
		};
		6DD1F392250FE2D300C8CB9A /* Preview Content */ = {
			isa = PBXGroup;
			children = (
				6DD1F393250FE2D300C8CB9A /* Preview Assets.xcassets */,
			);
			path = "Preview Content";
			sourceTree = "<group>";
		};
		6DD1F3A1250FE33000C8CB9A /* Model */ = {
			isa = PBXGroup;
			children = (
				6DD1F3A3250FE33A00C8CB9A /* Status.json */,
				6DD1F3A2250FE33A00C8CB9A /* StatusModel.swift */,
			);
			path = Model;
			sourceTree = "<group>";
		};
/* End PBXGroup section */

/* Begin PBXNativeTarget section */
		6DD1F386250FE2D300C8CB9A /* StatusTracker */ = {
			isa = PBXNativeTarget;
			buildConfigurationList = 6DD1F39B250FE2D400C8CB9A /* Build configuration list for PBXNativeTarget "StatusTracker" */;
			buildPhases = (
				6DD1F383250FE2D300C8CB9A /* Sources */,
				6DD1F384250FE2D300C8CB9A /* Frameworks */,
				6DD1F385250FE2D300C8CB9A /* Resources */,
			);
			buildRules = (
			);
			dependencies = (
			);
			name = StatusTracker;
			productName = StatusTracker;
			productReference = 6DD1F387250FE2D300C8CB9A /* StatusTracker.app */;
			productType = "com.apple.product-type.application";
		};
/* End PBXNativeTarget section */

/* Begin PBXProject section */
		6DD1F37F250FE2D300C8CB9A /* Project object */ = {
			isa = PBXProject;
			attributes = {
				LastSwiftUpdateCheck = 1200;
				LastUpgradeCheck = 1200;
				TargetAttributes = {
					6DD1F386250FE2D300C8CB9A = {
						CreatedOnToolsVersion = 12.0;
					};
				};
			};
			buildConfigurationList = 6DD1F382250FE2D300C8CB9A /* Build configuration list for PBXProject "StatusTracker" */;
			compatibilityVersion = "Xcode 9.3";
			developmentRegion = en;
			hasScannedForEncodings = 0;
			knownRegions = (
				en,
				Base,
			);
			mainGroup = 6DD1F37E250FE2D300C8CB9A;
			productRefGroup = 6DD1F388250FE2D300C8CB9A /* Products */;
			projectDirPath = "";
			projectRoot = "";
			targets = (
				6DD1F386250FE2D300C8CB9A /* StatusTracker */,
			);
		};
/* End PBXProject section */

/* Begin PBXResourcesBuildPhase section */
		6DD1F385250FE2D300C8CB9A /* Resources */ = {
			isa = PBXResourcesBuildPhase;
			buildActionMask = 2147483647;
			files = (
				6DD1F397250FE2D300C8CB9A /* LaunchScreen.storyboard in Resources */,
				6DD1F394250FE2D300C8CB9A /* Preview Assets.xcassets in Resources */,
				6DD1F391250FE2D300C8CB9A /* Assets.xcassets in Resources */,
				6DD1F3A5250FE33A00C8CB9A /* Status.json in Resources */,
			);
			runOnlyForDeploymentPostprocessing = 0;
		};
/* End PBXResourcesBuildPhase section */

/* Begin PBXSourcesBuildPhase section */
		6DD1F383250FE2D300C8CB9A /* Sources */ = {
			isa = PBXSourcesBuildPhase;
			buildActionMask = 2147483647;
			files = (
				6DD1F38B250FE2D300C8CB9A /* AppDelegate.swift in Sources */,
				6DD1F3A4250FE33A00C8CB9A /* StatusModel.swift in Sources */,
				6DD1F38D250FE2D300C8CB9A /* SceneDelegate.swift in Sources */,
				6DD1F38F250FE2D300C8CB9A /* ContentView.swift in Sources */,
			);
			runOnlyForDeploymentPostprocessing = 0;
		};
/* End PBXSourcesBuildPhase section */

/* Begin PBXVariantGroup section */
		6DD1F395250FE2D300C8CB9A /* LaunchScreen.storyboard */ = {
			isa = PBXVariantGroup;
			children = (
				6DD1F396250FE2D300C8CB9A /* Base */,
			);
			name = LaunchScreen.storyboard;
			sourceTree = "<group>";
		};
/* End PBXVariantGroup section */

/* Begin XCBuildConfiguration section */
		6DD1F399250FE2D400C8CB9A /* Debug */ = {
			isa = XCBuildConfiguration;
			buildSettings = {
				ALWAYS_SEARCH_USER_PATHS = NO;
				CLANG_ANALYZER_NONNULL = YES;
				CLANG_ANALYZER_NUMBER_OBJECT_CONVERSION = YES_AGGRESSIVE;
				CLANG_CXX_LANGUAGE_STANDARD = "gnu++14";
				CLANG_CXX_LIBRARY = "libc++";
				CLANG_ENABLE_MODULES = YES;
				CLANG_ENABLE_OBJC_ARC = YES;
				CLANG_ENABLE_OBJC_WEAK = YES;
				CLANG_WARN_BLOCK_CAPTURE_AUTORELEASING = YES;
				CLANG_WARN_BOOL_CONVERSION = YES;
				CLANG_WARN_COMMA = YES;
				CLANG_WARN_CONSTANT_CONVERSION = YES;
				CLANG_WARN_DEPRECATED_OBJC_IMPLEMENTATIONS = YES;
				CLANG_WARN_DIRECT_OBJC_ISA_USAGE = YES_ERROR;
				CLANG_WARN_DOCUMENTATION_COMMENTS = YES;
				CLANG_WARN_EMPTY_BODY = YES;
				CLANG_WARN_ENUM_CONVERSION = YES;
				CLANG_WARN_INFINITE_RECURSION = YES;
				CLANG_WARN_INT_CONVERSION = YES;
				CLANG_WARN_NON_LITERAL_NULL_CONVERSION = YES;
				CLANG_WARN_OBJC_IMPLICIT_RETAIN_SELF = YES;
				CLANG_WARN_OBJC_LITERAL_CONVERSION = YES;
				CLANG_WARN_OBJC_ROOT_CLASS = YES_ERROR;
				CLANG_WARN_QUOTED_INCLUDE_IN_FRAMEWORK_HEADER = YES;
				CLANG_WARN_RANGE_LOOP_ANALYSIS = YES;
				CLANG_WARN_STRICT_PROTOTYPES = YES;
				CLANG_WARN_SUSPICIOUS_MOVE = YES;
				CLANG_WARN_UNGUARDED_AVAILABILITY = YES_AGGRESSIVE;
				CLANG_WARN_UNREACHABLE_CODE = YES;
				CLANG_WARN__DUPLICATE_METHOD_MATCH = YES;
				COPY_PHASE_STRIP = NO;
				DEBUG_INFORMATION_FORMAT = dwarf;
				ENABLE_STRICT_OBJC_MSGSEND = YES;
				ENABLE_TESTABILITY = YES;
				GCC_C_LANGUAGE_STANDARD = gnu11;
				GCC_DYNAMIC_NO_PIC = NO;
				GCC_NO_COMMON_BLOCKS = YES;
				GCC_OPTIMIZATION_LEVEL = 0;
				GCC_PREPROCESSOR_DEFINITIONS = (
					"DEBUG=1",
					"$(inherited)",
				);
				GCC_WARN_64_TO_32_BIT_CONVERSION = YES;
				GCC_WARN_ABOUT_RETURN_TYPE = YES_ERROR;
				GCC_WARN_UNDECLARED_SELECTOR = YES;
				GCC_WARN_UNINITIALIZED_AUTOS = YES_AGGRESSIVE;
				GCC_WARN_UNUSED_FUNCTION = YES;
				GCC_WARN_UNUSED_VARIABLE = YES;
				IPHONEOS_DEPLOYMENT_TARGET = 14.0;
				MTL_ENABLE_DEBUG_INFO = INCLUDE_SOURCE;
				MTL_FAST_MATH = YES;
				ONLY_ACTIVE_ARCH = YES;
				SDKROOT = iphoneos;
				SWIFT_ACTIVE_COMPILATION_CONDITIONS = DEBUG;
				SWIFT_OPTIMIZATION_LEVEL = "-Onone";
			};
			name = Debug;
		};
		6DD1F39A250FE2D400C8CB9A /* Release */ = {
			isa = XCBuildConfiguration;
			buildSettings = {
				ALWAYS_SEARCH_USER_PATHS = NO;
				CLANG_ANALYZER_NONNULL = YES;
				CLANG_ANALYZER_NUMBER_OBJECT_CONVERSION = YES_AGGRESSIVE;
				CLANG_CXX_LANGUAGE_STANDARD = "gnu++14";
				CLANG_CXX_LIBRARY = "libc++";
				CLANG_ENABLE_MODULES = YES;
				CLANG_ENABLE_OBJC_ARC = YES;
				CLANG_ENABLE_OBJC_WEAK = YES;
				CLANG_WARN_BLOCK_CAPTURE_AUTORELEASING = YES;
				CLANG_WARN_BOOL_CONVERSION = YES;
				CLANG_WARN_COMMA = YES;
				CLANG_WARN_CONSTANT_CONVERSION = YES;
				CLANG_WARN_DEPRECATED_OBJC_IMPLEMENTATIONS = YES;
				CLANG_WARN_DIRECT_OBJC_ISA_USAGE = YES_ERROR;
				CLANG_WARN_DOCUMENTATION_COMMENTS = YES;
				CLANG_WARN_EMPTY_BODY = YES;
				CLANG_WARN_ENUM_CONVERSION = YES;
				CLANG_WARN_INFINITE_RECURSION = YES;
				CLANG_WARN_INT_CONVERSION = YES;
				CLANG_WARN_NON_LITERAL_NULL_CONVERSION = YES;
				CLANG_WARN_OBJC_IMPLICIT_RETAIN_SELF = YES;
				CLANG_WARN_OBJC_LITERAL_CONVERSION = YES;
				CLANG_WARN_OBJC_ROOT_CLASS = YES_ERROR;
				CLANG_WARN_QUOTED_INCLUDE_IN_FRAMEWORK_HEADER = YES;
				CLANG_WARN_RANGE_LOOP_ANALYSIS = YES;
				CLANG_WARN_STRICT_PROTOTYPES = YES;
				CLANG_WARN_SUSPICIOUS_MOVE = YES;
				CLANG_WARN_UNGUARDED_AVAILABILITY = YES_AGGRESSIVE;
				CLANG_WARN_UNREACHABLE_CODE = YES;
				CLANG_WARN__DUPLICATE_METHOD_MATCH = YES;
				COPY_PHASE_STRIP = NO;
				DEBUG_INFORMATION_FORMAT = "dwarf-with-dsym";
				ENABLE_NS_ASSERTIONS = NO;
				ENABLE_STRICT_OBJC_MSGSEND = YES;
				GCC_C_LANGUAGE_STANDARD = gnu11;
				GCC_NO_COMMON_BLOCKS = YES;
				GCC_WARN_64_TO_32_BIT_CONVERSION = YES;
				GCC_WARN_ABOUT_RETURN_TYPE = YES_ERROR;
				GCC_WARN_UNDECLARED_SELECTOR = YES;
				GCC_WARN_UNINITIALIZED_AUTOS = YES_AGGRESSIVE;
				GCC_WARN_UNUSED_FUNCTION = YES;
				GCC_WARN_UNUSED_VARIABLE = YES;
				IPHONEOS_DEPLOYMENT_TARGET = 14.0;
				MTL_ENABLE_DEBUG_INFO = NO;
				MTL_FAST_MATH = YES;
				SDKROOT = iphoneos;
				SWIFT_COMPILATION_MODE = wholemodule;
				SWIFT_OPTIMIZATION_LEVEL = "-O";
				VALIDATE_PRODUCT = YES;
			};
			name = Release;
		};
		6DD1F39C250FE2D400C8CB9A /* Debug */ = {
			isa = XCBuildConfiguration;
			buildSettings = {
				ASSETCATALOG_COMPILER_APPICON_NAME = AppIcon;
				ASSETCATALOG_COMPILER_GLOBAL_ACCENT_COLOR_NAME = AccentColor;
				CODE_SIGN_STYLE = Automatic;
				DEVELOPMENT_ASSET_PATHS = "\"StatusTracker/Preview Content\"";
				DEVELOPMENT_TEAM = YPX8F5ED57;
				ENABLE_PREVIEWS = YES;
				INFOPLIST_FILE = StatusTracker/Info.plist;
				LD_RUNPATH_SEARCH_PATHS = (
					"$(inherited)",
					"@executable_path/Frameworks",
				);
				PRODUCT_BUNDLE_IDENTIFIER = com.brainwashinc.StatusTracker;
				PRODUCT_NAME = "$(TARGET_NAME)";
				SWIFT_VERSION = 5.0;
				TARGETED_DEVICE_FAMILY = "1,2";
			};
			name = Debug;
		};
		6DD1F39D250FE2D400C8CB9A /* Release */ = {
			isa = XCBuildConfiguration;
			buildSettings = {
				ASSETCATALOG_COMPILER_APPICON_NAME = AppIcon;
				ASSETCATALOG_COMPILER_GLOBAL_ACCENT_COLOR_NAME = AccentColor;
				CODE_SIGN_STYLE = Automatic;
				DEVELOPMENT_ASSET_PATHS = "\"StatusTracker/Preview Content\"";
				DEVELOPMENT_TEAM = YPX8F5ED57;
				ENABLE_PREVIEWS = YES;
				INFOPLIST_FILE = StatusTracker/Info.plist;
				LD_RUNPATH_SEARCH_PATHS = (
					"$(inherited)",
					"@executable_path/Frameworks",
				);
				PRODUCT_BUNDLE_IDENTIFIER = com.brainwashinc.StatusTracker;
				PRODUCT_NAME = "$(TARGET_NAME)";
				SWIFT_VERSION = 5.0;
				TARGETED_DEVICE_FAMILY = "1,2";
			};
			name = Release;
		};
/* End XCBuildConfiguration section */

/* Begin XCConfigurationList section */
		6DD1F382250FE2D300C8CB9A /* Build configuration list for PBXProject "StatusTracker" */ = {
			isa = XCConfigurationList;
			buildConfigurations = (
				6DD1F399250FE2D400C8CB9A /* Debug */,
				6DD1F39A250FE2D400C8CB9A /* Release */,
			);
			defaultConfigurationIsVisible = 0;
			defaultConfigurationName = Release;
		};
		6DD1F39B250FE2D400C8CB9A /* Build configuration list for PBXNativeTarget "StatusTracker" */ = {
			isa = XCConfigurationList;
			buildConfigurations = (
				6DD1F39C250FE2D400C8CB9A /* Debug */,
				6DD1F39D250FE2D400C8CB9A /* Release */,
			);
			defaultConfigurationIsVisible = 0;
			defaultConfigurationName = Release;
		};
/* End XCConfigurationList section */
	};
	rootObject = 6DD1F37F250FE2D300C8CB9A /* Project object */;
}
