// !$*UTF8*$!
{
	archiveVersion = 1;
	classes = {
	};
	objectVersion = 50;
	objects = {

/* Begin PBXBuildFile section */
		6D8F556125103976000E83BA /* TCApp.swift in Sources */ = {isa = PBXBuildFile; fileRef = 6D8F556025103976000E83BA /* TCApp.swift */; };
		6D8F556325103976000E83BA /* ContentView.swift in Sources */ = {isa = PBXBuildFile; fileRef = 6D8F556225103976000E83BA /* ContentView.swift */; };
		6D8F556525103977000E83BA /* Assets.xcassets in Resources */ = {isa = PBXBuildFile; fileRef = 6D8F556425103977000E83BA /* Assets.xcassets */; };
		6D8F556825103977000E83BA /* Preview Assets.xcassets in Resources */ = {isa = PBXBuildFile; fileRef = 6D8F556725103977000E83BA /* Preview Assets.xcassets */; };
		6D8F556D25103977000E83BA /* TC WatchKit App.app in Embed Watch Content */ = {isa = PBXBuildFile; fileRef = 6D8F556C25103977000E83BA /* TC WatchKit App.app */; settings = {ATTRIBUTES = (RemoveHeadersOnCopy, ); }; };
		6D8F557225103978000E83BA /* Assets.xcassets in Resources */ = {isa = PBXBuildFile; fileRef = 6D8F557125103978000E83BA /* Assets.xcassets */; };
		6D8F557925103978000E83BA /* TC WatchKit Extension.appex in Embed App Extensions */ = {isa = PBXBuildFile; fileRef = 6D8F557825103978000E83BA /* TC WatchKit Extension.appex */; settings = {ATTRIBUTES = (RemoveHeadersOnCopy, ); }; };
		6D8F557E25103978000E83BA /* ContentView.swift in Sources */ = {isa = PBXBuildFile; fileRef = 6D8F557D25103978000E83BA /* ContentView.swift */; };
		6D8F558025103978000E83BA /* TCApp.swift in Sources */ = {isa = PBXBuildFile; fileRef = 6D8F557F25103978000E83BA /* TCApp.swift */; };
		6D8F558225103978000E83BA /* ComplicationController.swift in Sources */ = {isa = PBXBuildFile; fileRef = 6D8F558125103978000E83BA /* ComplicationController.swift */; };
		6D8F558425103978000E83BA /* Assets.xcassets in Resources */ = {isa = PBXBuildFile; fileRef = 6D8F558325103978000E83BA /* Assets.xcassets */; };
		6D8F558725103978000E83BA /* Preview Assets.xcassets in Resources */ = {isa = PBXBuildFile; fileRef = 6D8F558625103978000E83BA /* Preview Assets.xcassets */; };
/* End PBXBuildFile section */

/* Begin PBXContainerItemProxy section */
		6D8F556E25103977000E83BA /* PBXContainerItemProxy */ = {
			isa = PBXContainerItemProxy;
			containerPortal = 6D8F555525103976000E83BA /* Project object */;
			proxyType = 1;
			remoteGlobalIDString = 6D8F556B25103977000E83BA;
			remoteInfo = "TC WatchKit App";
		};
		6D8F557A25103978000E83BA /* PBXContainerItemProxy */ = {
			isa = PBXContainerItemProxy;
			containerPortal = 6D8F555525103976000E83BA /* Project object */;
			proxyType = 1;
			remoteGlobalIDString = 6D8F557725103978000E83BA;
			remoteInfo = "TC WatchKit Extension";
		};
/* End PBXContainerItemProxy section */

/* Begin PBXCopyFilesBuildPhase section */
		6D8F558E25103978000E83BA /* Embed App Extensions */ = {
			isa = PBXCopyFilesBuildPhase;
			buildActionMask = 2147483647;
			dstPath = "";
			dstSubfolderSpec = 13;
			files = (
				6D8F557925103978000E83BA /* TC WatchKit Extension.appex in Embed App Extensions */,
			);
			name = "Embed App Extensions";
			runOnlyForDeploymentPostprocessing = 0;
		};
		6D8F559225103978000E83BA /* Embed Watch Content */ = {
			isa = PBXCopyFilesBuildPhase;
			buildActionMask = 2147483647;
			dstPath = "$(CONTENTS_FOLDER_PATH)/Watch";
			dstSubfolderSpec = 16;
			files = (
				6D8F556D25103977000E83BA /* TC WatchKit App.app in Embed Watch Content */,
			);
			name = "Embed Watch Content";
			runOnlyForDeploymentPostprocessing = 0;
		};
/* End PBXCopyFilesBuildPhase section */

/* Begin PBXFileReference section */
		6D8F555D25103976000E83BA /* TC.app */ = {isa = PBXFileReference; explicitFileType = wrapper.application; includeInIndex = 0; path = TC.app; sourceTree = BUILT_PRODUCTS_DIR; };
		6D8F556025103976000E83BA /* TCApp.swift */ = {isa = PBXFileReference; lastKnownFileType = sourcecode.swift; path = TCApp.swift; sourceTree = "<group>"; };
		6D8F556225103976000E83BA /* ContentView.swift */ = {isa = PBXFileReference; lastKnownFileType = sourcecode.swift; path = ContentView.swift; sourceTree = "<group>"; };
		6D8F556425103977000E83BA /* Assets.xcassets */ = {isa = PBXFileReference; lastKnownFileType = folder.assetcatalog; path = Assets.xcassets; sourceTree = "<group>"; };
		6D8F556725103977000E83BA /* Preview Assets.xcassets */ = {isa = PBXFileReference; lastKnownFileType = folder.assetcatalog; path = "Preview Assets.xcassets"; sourceTree = "<group>"; };
		6D8F556925103977000E83BA /* Info.plist */ = {isa = PBXFileReference; lastKnownFileType = text.plist.xml; path = Info.plist; sourceTree = "<group>"; };
		6D8F556C25103977000E83BA /* TC WatchKit App.app */ = {isa = PBXFileReference; explicitFileType = wrapper.application; includeInIndex = 0; path = "TC WatchKit App.app"; sourceTree = BUILT_PRODUCTS_DIR; };
		6D8F557125103978000E83BA /* Assets.xcassets */ = {isa = PBXFileReference; lastKnownFileType = folder.assetcatalog; path = Assets.xcassets; sourceTree = "<group>"; };
		6D8F557325103978000E83BA /* Info.plist */ = {isa = PBXFileReference; lastKnownFileType = text.plist.xml; path = Info.plist; sourceTree = "<group>"; };
		6D8F557825103978000E83BA /* TC WatchKit Extension.appex */ = {isa = PBXFileReference; explicitFileType = "wrapper.app-extension"; includeInIndex = 0; path = "TC WatchKit Extension.appex"; sourceTree = BUILT_PRODUCTS_DIR; };
		6D8F557D25103978000E83BA /* ContentView.swift */ = {isa = PBXFileReference; lastKnownFileType = sourcecode.swift; path = ContentView.swift; sourceTree = "<group>"; };
		6D8F557F25103978000E83BA /* TCApp.swift */ = {isa = PBXFileReference; lastKnownFileType = sourcecode.swift; path = TCApp.swift; sourceTree = "<group>"; };
		6D8F558125103978000E83BA /* ComplicationController.swift */ = {isa = PBXFileReference; lastKnownFileType = sourcecode.swift; path = ComplicationController.swift; sourceTree = "<group>"; };
		6D8F558325103978000E83BA /* Assets.xcassets */ = {isa = PBXFileReference; lastKnownFileType = folder.assetcatalog; path = Assets.xcassets; sourceTree = "<group>"; };
		6D8F558625103978000E83BA /* Preview Assets.xcassets */ = {isa = PBXFileReference; lastKnownFileType = folder.assetcatalog; path = "Preview Assets.xcassets"; sourceTree = "<group>"; };
		6D8F558825103978000E83BA /* Info.plist */ = {isa = PBXFileReference; lastKnownFileType = text.plist.xml; path = Info.plist; sourceTree = "<group>"; };
/* End PBXFileReference section */

/* Begin PBXFrameworksBuildPhase section */
		6D8F555A25103976000E83BA /* Frameworks */ = {
			isa = PBXFrameworksBuildPhase;
			buildActionMask = 2147483647;
			files = (
			);
			runOnlyForDeploymentPostprocessing = 0;
		};
		6D8F557525103978000E83BA /* Frameworks */ = {
			isa = PBXFrameworksBuildPhase;
			buildActionMask = 2147483647;
			files = (
			);
			runOnlyForDeploymentPostprocessing = 0;
		};
/* End PBXFrameworksBuildPhase section */

/* Begin PBXGroup section */
		6D8F555425103976000E83BA = {
			isa = PBXGroup;
			children = (
				6D8F555F25103976000E83BA /* TC */,
				6D8F557025103977000E83BA /* TC WatchKit App */,
				6D8F557C25103978000E83BA /* TC WatchKit Extension */,
				6D8F555E25103976000E83BA /* Products */,
			);
			sourceTree = "<group>";
		};
		6D8F555E25103976000E83BA /* Products */ = {
			isa = PBXGroup;
			children = (
				6D8F555D25103976000E83BA /* TC.app */,
				6D8F556C25103977000E83BA /* TC WatchKit App.app */,
				6D8F557825103978000E83BA /* TC WatchKit Extension.appex */,
			);
			name = Products;
			sourceTree = "<group>";
		};
		6D8F555F25103976000E83BA /* TC */ = {
			isa = PBXGroup;
			children = (
				6D8F556025103976000E83BA /* TCApp.swift */,
				6D8F556225103976000E83BA /* ContentView.swift */,
				6D8F556425103977000E83BA /* Assets.xcassets */,
				6D8F556925103977000E83BA /* Info.plist */,
				6D8F556625103977000E83BA /* Preview Content */,
			);
			path = TC;
			sourceTree = "<group>";
		};
		6D8F556625103977000E83BA /* Preview Content */ = {
			isa = PBXGroup;
			children = (
				6D8F556725103977000E83BA /* Preview Assets.xcassets */,
			);
			path = "Preview Content";
			sourceTree = "<group>";
		};
		6D8F557025103977000E83BA /* TC WatchKit App */ = {
			isa = PBXGroup;
			children = (
				6D8F557125103978000E83BA /* Assets.xcassets */,
				6D8F557325103978000E83BA /* Info.plist */,
			);
			path = "TC WatchKit App";
			sourceTree = "<group>";
		};
		6D8F557C25103978000E83BA /* TC WatchKit Extension */ = {
			isa = PBXGroup;
			children = (
				6D8F557D25103978000E83BA /* ContentView.swift */,
				6D8F557F25103978000E83BA /* TCApp.swift */,
				6D8F558125103978000E83BA /* ComplicationController.swift */,
				6D8F558325103978000E83BA /* Assets.xcassets */,
				6D8F558825103978000E83BA /* Info.plist */,
				6D8F558525103978000E83BA /* Preview Content */,
			);
			path = "TC WatchKit Extension";
			sourceTree = "<group>";
		};
		6D8F558525103978000E83BA /* Preview Content */ = {
			isa = PBXGroup;
			children = (
				6D8F558625103978000E83BA /* Preview Assets.xcassets */,
			);
			path = "Preview Content";
			sourceTree = "<group>";
		};
/* End PBXGroup section */

/* Begin PBXNativeTarget section */
		6D8F555C25103976000E83BA /* TC */ = {
			isa = PBXNativeTarget;
			buildConfigurationList = 6D8F559325103978000E83BA /* Build configuration list for PBXNativeTarget "TC" */;
			buildPhases = (
				6D8F555925103976000E83BA /* Sources */,
				6D8F555A25103976000E83BA /* Frameworks */,
				6D8F555B25103976000E83BA /* Resources */,
				6D8F559225103978000E83BA /* Embed Watch Content */,
			);
			buildRules = (
			);
			dependencies = (
				6D8F556F25103977000E83BA /* PBXTargetDependency */,
			);
			name = TC;
			productName = TC;
			productReference = 6D8F555D25103976000E83BA /* TC.app */;
			productType = "com.apple.product-type.application";
		};
		6D8F556B25103977000E83BA /* TC WatchKit App */ = {
			isa = PBXNativeTarget;
			buildConfigurationList = 6D8F558F25103978000E83BA /* Build configuration list for PBXNativeTarget "TC WatchKit App" */;
			buildPhases = (
				6D8F556A25103977000E83BA /* Resources */,
				6D8F558E25103978000E83BA /* Embed App Extensions */,
			);
			buildRules = (
			);
			dependencies = (
				6D8F557B25103978000E83BA /* PBXTargetDependency */,
			);
			name = "TC WatchKit App";
			productName = "TC WatchKit App";
			productReference = 6D8F556C25103977000E83BA /* TC WatchKit App.app */;
			productType = "com.apple.product-type.application.watchapp2";
		};
		6D8F557725103978000E83BA /* TC WatchKit Extension */ = {
			isa = PBXNativeTarget;
			buildConfigurationList = 6D8F558B25103978000E83BA /* Build configuration list for PBXNativeTarget "TC WatchKit Extension" */;
			buildPhases = (
				6D8F557425103978000E83BA /* Sources */,
				6D8F557525103978000E83BA /* Frameworks */,
				6D8F557625103978000E83BA /* Resources */,
			);
			buildRules = (
			);
			dependencies = (
			);
			name = "TC WatchKit Extension";
			productName = "TC WatchKit Extension";
			productReference = 6D8F557825103978000E83BA /* TC WatchKit Extension.appex */;
			productType = "com.apple.product-type.watchkit2-extension";
		};
/* End PBXNativeTarget section */

/* Begin PBXProject section */
		6D8F555525103976000E83BA /* Project object */ = {
			isa = PBXProject;
			attributes = {
				LastSwiftUpdateCheck = 1200;
				LastUpgradeCheck = 1200;
				TargetAttributes = {
					6D8F555C25103976000E83BA = {
						CreatedOnToolsVersion = 12.0;
					};
					6D8F556B25103977000E83BA = {
						CreatedOnToolsVersion = 12.0;
					};
					6D8F557725103978000E83BA = {
						CreatedOnToolsVersion = 12.0;
					};
				};
			};
			buildConfigurationList = 6D8F555825103976000E83BA /* Build configuration list for PBXProject "TC" */;
			compatibilityVersion = "Xcode 9.3";
			developmentRegion = en;
			hasScannedForEncodings = 0;
			knownRegions = (
				en,
				Base,
			);
			mainGroup = 6D8F555425103976000E83BA;
			productRefGroup = 6D8F555E25103976000E83BA /* Products */;
			projectDirPath = "";
			projectRoot = "";
			targets = (
				6D8F555C25103976000E83BA /* TC */,
				6D8F556B25103977000E83BA /* TC WatchKit App */,
				6D8F557725103978000E83BA /* TC WatchKit Extension */,
			);
		};
/* End PBXProject section */

/* Begin PBXResourcesBuildPhase section */
		6D8F555B25103976000E83BA /* Resources */ = {
			isa = PBXResourcesBuildPhase;
			buildActionMask = 2147483647;
			files = (
				6D8F556825103977000E83BA /* Preview Assets.xcassets in Resources */,
				6D8F556525103977000E83BA /* Assets.xcassets in Resources */,
			);
			runOnlyForDeploymentPostprocessing = 0;
		};
		6D8F556A25103977000E83BA /* Resources */ = {
			isa = PBXResourcesBuildPhase;
			buildActionMask = 2147483647;
			files = (
				6D8F557225103978000E83BA /* Assets.xcassets in Resources */,
			);
			runOnlyForDeploymentPostprocessing = 0;
		};
		6D8F557625103978000E83BA /* Resources */ = {
			isa = PBXResourcesBuildPhase;
			buildActionMask = 2147483647;
			files = (
				6D8F558725103978000E83BA /* Preview Assets.xcassets in Resources */,
				6D8F558425103978000E83BA /* Assets.xcassets in Resources */,
			);
			runOnlyForDeploymentPostprocessing = 0;
		};
/* End PBXResourcesBuildPhase section */

/* Begin PBXSourcesBuildPhase section */
		6D8F555925103976000E83BA /* Sources */ = {
			isa = PBXSourcesBuildPhase;
			buildActionMask = 2147483647;
			files = (
				6D8F556325103976000E83BA /* ContentView.swift in Sources */,
				6D8F556125103976000E83BA /* TCApp.swift in Sources */,
			);
			runOnlyForDeploymentPostprocessing = 0;
		};
		6D8F557425103978000E83BA /* Sources */ = {
			isa = PBXSourcesBuildPhase;
			buildActionMask = 2147483647;
			files = (
				6D8F558025103978000E83BA /* TCApp.swift in Sources */,
				6D8F557E25103978000E83BA /* ContentView.swift in Sources */,
				6D8F558225103978000E83BA /* ComplicationController.swift in Sources */,
			);
			runOnlyForDeploymentPostprocessing = 0;
		};
/* End PBXSourcesBuildPhase section */

/* Begin PBXTargetDependency section */
		6D8F556F25103977000E83BA /* PBXTargetDependency */ = {
			isa = PBXTargetDependency;
			target = 6D8F556B25103977000E83BA /* TC WatchKit App */;
			targetProxy = 6D8F556E25103977000E83BA /* PBXContainerItemProxy */;
		};
		6D8F557B25103978000E83BA /* PBXTargetDependency */ = {
			isa = PBXTargetDependency;
			target = 6D8F557725103978000E83BA /* TC WatchKit Extension */;
			targetProxy = 6D8F557A25103978000E83BA /* PBXContainerItemProxy */;
		};
/* End PBXTargetDependency section */

/* Begin XCBuildConfiguration section */
		6D8F558925103978000E83BA /* Debug */ = {
			isa = XCBuildConfiguration;
			buildSettings = {
				ALWAYS_SEARCH_USER_PATHS = NO;
				CLANG_ANALYZER_NONNULL = YES;
				CLANG_ANALYZER_NUMBER_OBJECT_CONVERSION = YES_AGGRESSIVE;
				CLANG_CXX_LANGUAGE_STANDARD = "gnu++14";
				CLANG_CXX_LIBRARY = "libc++";
				CLANG_ENABLE_MODULES = YES;
				CLANG_ENABLE_OBJC_ARC = YES;
				CLANG_ENABLE_OBJC_WEAK = YES;
				CLANG_WARN_BLOCK_CAPTURE_AUTORELEASING = YES;
				CLANG_WARN_BOOL_CONVERSION = YES;
				CLANG_WARN_COMMA = YES;
				CLANG_WARN_CONSTANT_CONVERSION = YES;
				CLANG_WARN_DEPRECATED_OBJC_IMPLEMENTATIONS = YES;
				CLANG_WARN_DIRECT_OBJC_ISA_USAGE = YES_ERROR;
				CLANG_WARN_DOCUMENTATION_COMMENTS = YES;
				CLANG_WARN_EMPTY_BODY = YES;
				CLANG_WARN_ENUM_CONVERSION = YES;
				CLANG_WARN_INFINITE_RECURSION = YES;
				CLANG_WARN_INT_CONVERSION = YES;
				CLANG_WARN_NON_LITERAL_NULL_CONVERSION = YES;
				CLANG_WARN_OBJC_IMPLICIT_RETAIN_SELF = YES;
				CLANG_WARN_OBJC_LITERAL_CONVERSION = YES;
				CLANG_WARN_OBJC_ROOT_CLASS = YES_ERROR;
				CLANG_WARN_QUOTED_INCLUDE_IN_FRAMEWORK_HEADER = YES;
				CLANG_WARN_RANGE_LOOP_ANALYSIS = YES;
				CLANG_WARN_STRICT_PROTOTYPES = YES;
				CLANG_WARN_SUSPICIOUS_MOVE = YES;
				CLANG_WARN_UNGUARDED_AVAILABILITY = YES_AGGRESSIVE;
				CLANG_WARN_UNREACHABLE_CODE = YES;
				CLANG_WARN__DUPLICATE_METHOD_MATCH = YES;
				COPY_PHASE_STRIP = NO;
				DEBUG_INFORMATION_FORMAT = dwarf;
				ENABLE_STRICT_OBJC_MSGSEND = YES;
				ENABLE_TESTABILITY = YES;
				GCC_C_LANGUAGE_STANDARD = gnu11;
				GCC_DYNAMIC_NO_PIC = NO;
				GCC_NO_COMMON_BLOCKS = YES;
				GCC_OPTIMIZATION_LEVEL = 0;
				GCC_PREPROCESSOR_DEFINITIONS = (
					"DEBUG=1",
					"$(inherited)",
				);
				GCC_WARN_64_TO_32_BIT_CONVERSION = YES;
				GCC_WARN_ABOUT_RETURN_TYPE = YES_ERROR;
				GCC_WARN_UNDECLARED_SELECTOR = YES;
				GCC_WARN_UNINITIALIZED_AUTOS = YES_AGGRESSIVE;
				GCC_WARN_UNUSED_FUNCTION = YES;
				GCC_WARN_UNUSED_VARIABLE = YES;
				MTL_ENABLE_DEBUG_INFO = INCLUDE_SOURCE;
				MTL_FAST_MATH = YES;
				ONLY_ACTIVE_ARCH = YES;
				SWIFT_ACTIVE_COMPILATION_CONDITIONS = DEBUG;
				SWIFT_OPTIMIZATION_LEVEL = "-Onone";
			};
			name = Debug;
		};
		6D8F558A25103978000E83BA /* Release */ = {
			isa = XCBuildConfiguration;
			buildSettings = {
				ALWAYS_SEARCH_USER_PATHS = NO;
				CLANG_ANALYZER_NONNULL = YES;
				CLANG_ANALYZER_NUMBER_OBJECT_CONVERSION = YES_AGGRESSIVE;
				CLANG_CXX_LANGUAGE_STANDARD = "gnu++14";
				CLANG_CXX_LIBRARY = "libc++";
				CLANG_ENABLE_MODULES = YES;
				CLANG_ENABLE_OBJC_ARC = YES;
				CLANG_ENABLE_OBJC_WEAK = YES;
				CLANG_WARN_BLOCK_CAPTURE_AUTORELEASING = YES;
				CLANG_WARN_BOOL_CONVERSION = YES;
				CLANG_WARN_COMMA = YES;
				CLANG_WARN_CONSTANT_CONVERSION = YES;
				CLANG_WARN_DEPRECATED_OBJC_IMPLEMENTATIONS = YES;
				CLANG_WARN_DIRECT_OBJC_ISA_USAGE = YES_ERROR;
				CLANG_WARN_DOCUMENTATION_COMMENTS = YES;
				CLANG_WARN_EMPTY_BODY = YES;
				CLANG_WARN_ENUM_CONVERSION = YES;
				CLANG_WARN_INFINITE_RECURSION = YES;
				CLANG_WARN_INT_CONVERSION = YES;
				CLANG_WARN_NON_LITERAL_NULL_CONVERSION = YES;
				CLANG_WARN_OBJC_IMPLICIT_RETAIN_SELF = YES;
				CLANG_WARN_OBJC_LITERAL_CONVERSION = YES;
				CLANG_WARN_OBJC_ROOT_CLASS = YES_ERROR;
				CLANG_WARN_QUOTED_INCLUDE_IN_FRAMEWORK_HEADER = YES;
				CLANG_WARN_RANGE_LOOP_ANALYSIS = YES;
				CLANG_WARN_STRICT_PROTOTYPES = YES;
				CLANG_WARN_SUSPICIOUS_MOVE = YES;
				CLANG_WARN_UNGUARDED_AVAILABILITY = YES_AGGRESSIVE;
				CLANG_WARN_UNREACHABLE_CODE = YES;
				CLANG_WARN__DUPLICATE_METHOD_MATCH = YES;
				COPY_PHASE_STRIP = NO;
				DEBUG_INFORMATION_FORMAT = "dwarf-with-dsym";
				ENABLE_NS_ASSERTIONS = NO;
				ENABLE_STRICT_OBJC_MSGSEND = YES;
				GCC_C_LANGUAGE_STANDARD = gnu11;
				GCC_NO_COMMON_BLOCKS = YES;
				GCC_WARN_64_TO_32_BIT_CONVERSION = YES;
				GCC_WARN_ABOUT_RETURN_TYPE = YES_ERROR;
				GCC_WARN_UNDECLARED_SELECTOR = YES;
				GCC_WARN_UNINITIALIZED_AUTOS = YES_AGGRESSIVE;
				GCC_WARN_UNUSED_FUNCTION = YES;
				GCC_WARN_UNUSED_VARIABLE = YES;
				MTL_ENABLE_DEBUG_INFO = NO;
				MTL_FAST_MATH = YES;
				SWIFT_COMPILATION_MODE = wholemodule;
				SWIFT_OPTIMIZATION_LEVEL = "-O";
			};
			name = Release;
		};
		6D8F558C25103978000E83BA /* Debug */ = {
			isa = XCBuildConfiguration;
			buildSettings = {
				ASSETCATALOG_COMPILER_COMPLICATION_NAME = Complication;
				CODE_SIGN_STYLE = Automatic;
				DEVELOPMENT_ASSET_PATHS = "\"TC WatchKit Extension/Preview Content\"";
				DEVELOPMENT_TEAM = YPX8F5ED57;
				ENABLE_PREVIEWS = YES;
				INFOPLIST_FILE = "TC WatchKit Extension/Info.plist";
				LD_RUNPATH_SEARCH_PATHS = (
					"$(inherited)",
					"@executable_path/Frameworks",
					"@executable_path/../../Frameworks",
				);
				PRODUCT_BUNDLE_IDENTIFIER = com.brainwashinc.TC.watchkitapp.watchkitextension;
				PRODUCT_NAME = "${TARGET_NAME}";
				SDKROOT = watchos;
				SKIP_INSTALL = YES;
				SWIFT_VERSION = 5.0;
				TARGETED_DEVICE_FAMILY = 4;
				WATCHOS_DEPLOYMENT_TARGET = 7.0;
			};
			name = Debug;
		};
		6D8F558D25103978000E83BA /* Release */ = {
			isa = XCBuildConfiguration;
			buildSettings = {
				ASSETCATALOG_COMPILER_COMPLICATION_NAME = Complication;
				CODE_SIGN_STYLE = Automatic;
				DEVELOPMENT_ASSET_PATHS = "\"TC WatchKit Extension/Preview Content\"";
				DEVELOPMENT_TEAM = YPX8F5ED57;
				ENABLE_PREVIEWS = YES;
				INFOPLIST_FILE = "TC WatchKit Extension/Info.plist";
				LD_RUNPATH_SEARCH_PATHS = (
					"$(inherited)",
					"@executable_path/Frameworks",
					"@executable_path/../../Frameworks",
				);
				PRODUCT_BUNDLE_IDENTIFIER = com.brainwashinc.TC.watchkitapp.watchkitextension;
				PRODUCT_NAME = "${TARGET_NAME}";
				SDKROOT = watchos;
				SKIP_INSTALL = YES;
				SWIFT_VERSION = 5.0;
				TARGETED_DEVICE_FAMILY = 4;
				VALIDATE_PRODUCT = YES;
				WATCHOS_DEPLOYMENT_TARGET = 7.0;
			};
			name = Release;
		};
		6D8F559025103978000E83BA /* Debug */ = {
			isa = XCBuildConfiguration;
			buildSettings = {
				ALWAYS_EMBED_SWIFT_STANDARD_LIBRARIES = YES;
				ASSETCATALOG_COMPILER_APPICON_NAME = AppIcon;
				ASSETCATALOG_COMPILER_GLOBAL_ACCENT_COLOR_NAME = AccentColor;
				CODE_SIGN_STYLE = Automatic;
				DEVELOPMENT_TEAM = YPX8F5ED57;
				IBSC_MODULE = TC_WatchKit_Extension;
				INFOPLIST_FILE = "TC WatchKit App/Info.plist";
				PRODUCT_BUNDLE_IDENTIFIER = com.brainwashinc.TC.watchkitapp;
				PRODUCT_NAME = "$(TARGET_NAME)";
				SDKROOT = watchos;
				SKIP_INSTALL = YES;
				SWIFT_VERSION = 5.0;
				TARGETED_DEVICE_FAMILY = 4;
				WATCHOS_DEPLOYMENT_TARGET = 7.0;
			};
			name = Debug;
		};
		6D8F559125103978000E83BA /* Release */ = {
			isa = XCBuildConfiguration;
			buildSettings = {
				ALWAYS_EMBED_SWIFT_STANDARD_LIBRARIES = YES;
				ASSETCATALOG_COMPILER_APPICON_NAME = AppIcon;
				ASSETCATALOG_COMPILER_GLOBAL_ACCENT_COLOR_NAME = AccentColor;
				CODE_SIGN_STYLE = Automatic;
				DEVELOPMENT_TEAM = YPX8F5ED57;
				IBSC_MODULE = TC_WatchKit_Extension;
				INFOPLIST_FILE = "TC WatchKit App/Info.plist";
				PRODUCT_BUNDLE_IDENTIFIER = com.brainwashinc.TC.watchkitapp;
				PRODUCT_NAME = "$(TARGET_NAME)";
				SDKROOT = watchos;
				SKIP_INSTALL = YES;
				SWIFT_VERSION = 5.0;
				TARGETED_DEVICE_FAMILY = 4;
				VALIDATE_PRODUCT = YES;
				WATCHOS_DEPLOYMENT_TARGET = 7.0;
			};
			name = Release;
		};
		6D8F559425103978000E83BA /* Debug */ = {
			isa = XCBuildConfiguration;
			buildSettings = {
				ASSETCATALOG_COMPILER_APPICON_NAME = AppIcon;
				ASSETCATALOG_COMPILER_GLOBAL_ACCENT_COLOR_NAME = AccentColor;
				CODE_SIGN_STYLE = Automatic;
				DEVELOPMENT_ASSET_PATHS = "\"TC/Preview Content\"";
				DEVELOPMENT_TEAM = YPX8F5ED57;
				ENABLE_PREVIEWS = YES;
				INFOPLIST_FILE = TC/Info.plist;
				IPHONEOS_DEPLOYMENT_TARGET = 14.0;
				LD_RUNPATH_SEARCH_PATHS = (
					"$(inherited)",
					"@executable_path/Frameworks",
				);
				PRODUCT_BUNDLE_IDENTIFIER = com.brainwashinc.TC;
				PRODUCT_NAME = "$(TARGET_NAME)";
				SDKROOT = iphoneos;
				SWIFT_VERSION = 5.0;
				TARGETED_DEVICE_FAMILY = "1,2";
			};
			name = Debug;
		};
		6D8F559525103978000E83BA /* Release */ = {
			isa = XCBuildConfiguration;
			buildSettings = {
				ASSETCATALOG_COMPILER_APPICON_NAME = AppIcon;
				ASSETCATALOG_COMPILER_GLOBAL_ACCENT_COLOR_NAME = AccentColor;
				CODE_SIGN_STYLE = Automatic;
				DEVELOPMENT_ASSET_PATHS = "\"TC/Preview Content\"";
				DEVELOPMENT_TEAM = YPX8F5ED57;
				ENABLE_PREVIEWS = YES;
				INFOPLIST_FILE = TC/Info.plist;
				IPHONEOS_DEPLOYMENT_TARGET = 14.0;
				LD_RUNPATH_SEARCH_PATHS = (
					"$(inherited)",
					"@executable_path/Frameworks",
				);
				PRODUCT_BUNDLE_IDENTIFIER = com.brainwashinc.TC;
				PRODUCT_NAME = "$(TARGET_NAME)";
				SDKROOT = iphoneos;
				SWIFT_VERSION = 5.0;
				TARGETED_DEVICE_FAMILY = "1,2";
				VALIDATE_PRODUCT = YES;
			};
			name = Release;
		};
/* End XCBuildConfiguration section */

/* Begin XCConfigurationList section */
		6D8F555825103976000E83BA /* Build configuration list for PBXProject "TC" */ = {
			isa = XCConfigurationList;
			buildConfigurations = (
				6D8F558925103978000E83BA /* Debug */,
				6D8F558A25103978000E83BA /* Release */,
			);
			defaultConfigurationIsVisible = 0;
			defaultConfigurationName = Release;
		};
		6D8F558B25103978000E83BA /* Build configuration list for PBXNativeTarget "TC WatchKit Extension" */ = {
			isa = XCConfigurationList;
			buildConfigurations = (
				6D8F558C25103978000E83BA /* Debug */,
				6D8F558D25103978000E83BA /* Release */,
			);
			defaultConfigurationIsVisible = 0;
			defaultConfigurationName = Release;
		};
		6D8F558F25103978000E83BA /* Build configuration list for PBXNativeTarget "TC WatchKit App" */ = {
			isa = XCConfigurationList;
			buildConfigurations = (
				6D8F559025103978000E83BA /* Debug */,
				6D8F559125103978000E83BA /* Release */,
			);
			defaultConfigurationIsVisible = 0;
			defaultConfigurationName = Release;
		};
		6D8F559325103978000E83BA /* Build configuration list for PBXNativeTarget "TC" */ = {
			isa = XCConfigurationList;
			buildConfigurations = (
				6D8F559425103978000E83BA /* Debug */,
				6D8F559525103978000E83BA /* Release */,
			);
			defaultConfigurationIsVisible = 0;
			defaultConfigurationName = Release;
		};
/* End XCConfigurationList section */
	};
	rootObject = 6D8F555525103976000E83BA /* Project object */;
}
